
Microsoft Visual Studio Solution File, Format Version 12.00
# Visual Studio 15
VisualStudioVersion = 15.0.28307.572
MinimumVisualStudioVersion = 10.0.40219.1
Project("{FAE04EC0-301F-11D3-BF4B-00C04F79EFBC}") = "TesteDoTorqueti2.0.WebAPI", "TesteDoTorqueti2.0.WebAPI\TesteDoTorqueti2.0.WebAPI.csproj", "{4C97B9BB-5A48-4EE0-9842-9D91BF0B0988}"
EndProject
Project("{FAE04EC0-301F-11D3-BF4B-00C04F79EFBC}") = "TesteDoTorqueti2.0.Domain", "TesteDoTorqueti2.0.Domain\TesteDoTorqueti2.0.Domain.csproj", "{F83057A1-C3FE-44C1-9C39-A9EA53CE1871}"
EndProject
Project("{FAE04EC0-301F-11D3-BF4B-00C04F79EFBC}") = "TesteDoTorqueti2.0.Repository", "TesteDoTorqueti2.0.Repository\TesteDoTorqueti2.0.Repository.csproj", "{338D5939-45E5-4D55-91F2-88CDBF2A6F4A}"
EndProject
Project("{FAE04EC0-301F-11D3-BF4B-00C04F79EFBC}") = "TesteDoTorqueti2.0.Service", "TesteDoTorqueti2.0.Service\TesteDoTorqueti2.0.Service.csproj", "{092A344E-5CF1-4B1A-87AC-4760C8354854}"
EndProject
Project("{FAE04EC0-301F-11D3-BF4B-00C04F79EFBC}") = "TesteDoTorqueti2.0.Test", "TesteDoTorqueti2.0.Test\TesteDoTorqueti2.0.Test.csproj", "{21B564D0-B911-4817-ACD0-3E7A8F1BCEAE}"
EndProject
Global
	GlobalSection(SolutionConfigurationPlatforms) = preSolution
		Debug|Any CPU = Debug|Any CPU
		Release|Any CPU = Release|Any CPU
	EndGlobalSection
	GlobalSection(ProjectConfigurationPlatforms) = postSolution
		{4C97B9BB-5A48-4EE0-9842-9D91BF0B0988}.Debug|Any CPU.ActiveCfg = Debug|Any CPU
		{4C97B9BB-5A48-4EE0-9842-9D91BF0B0988}.Debug|Any CPU.Build.0 = Debug|Any CPU
		{4C97B9BB-5A48-4EE0-9842-9D91BF0B0988}.Release|Any CPU.ActiveCfg = Release|Any CPU
		{4C97B9BB-5A48-4EE0-9842-9D91BF0B0988}.Release|Any CPU.Build.0 = Release|Any CPU
		{F83057A1-C3FE-44C1-9C39-A9EA53CE1871}.Debug|Any CPU.ActiveCfg = Debug|Any CPU
		{F83057A1-C3FE-44C1-9C39-A9EA53CE1871}.Debug|Any CPU.Build.0 = Debug|Any CPU
		{F83057A1-C3FE-44C1-9C39-A9EA53CE1871}.Release|Any CPU.ActiveCfg = Release|Any CPU
		{F83057A1-C3FE-44C1-9C39-A9EA53CE1871}.Release|Any CPU.Build.0 = Release|Any CPU
		{338D5939-45E5-4D55-91F2-88CDBF2A6F4A}.Debug|Any CPU.ActiveCfg = Debug|Any CPU
		{338D5939-45E5-4D55-91F2-88CDBF2A6F4A}.Debug|Any CPU.Build.0 = Debug|Any CPU
		{338D5939-45E5-4D55-91F2-88CDBF2A6F4A}.Release|Any CPU.ActiveCfg = Release|Any CPU
		{338D5939-45E5-4D55-91F2-88CDBF2A6F4A}.Release|Any CPU.Build.0 = Release|Any CPU
		{092A344E-5CF1-4B1A-87AC-4760C8354854}.Debug|Any CPU.ActiveCfg = Debug|Any CPU
		{092A344E-5CF1-4B1A-87AC-4760C8354854}.Debug|Any CPU.Build.0 = Debug|Any CPU
		{092A344E-5CF1-4B1A-87AC-4760C8354854}.Release|Any CPU.ActiveCfg = Release|Any CPU
		{092A344E-5CF1-4B1A-87AC-4760C8354854}.Release|Any CPU.Build.0 = Release|Any CPU
		{21B564D0-B911-4817-ACD0-3E7A8F1BCEAE}.Debug|Any CPU.ActiveCfg = Debug|Any CPU
		{21B564D0-B911-4817-ACD0-3E7A8F1BCEAE}.Debug|Any CPU.Build.0 = Debug|Any CPU
		{21B564D0-B911-4817-ACD0-3E7A8F1BCEAE}.Release|Any CPU.ActiveCfg = Release|Any CPU
		{21B564D0-B911-4817-ACD0-3E7A8F1BCEAE}.Release|Any CPU.Build.0 = Release|Any CPU
	EndGlobalSection
	GlobalSection(SolutionProperties) = preSolution
		HideSolutionNode = FALSE
	EndGlobalSection
	GlobalSection(ExtensibilityGlobals) = postSolution
		SolutionGuid = {E2EDF75B-DE0A-4199-90F8-2658F7A8AD11}
	EndGlobalSection
EndGlobal
